
Microsoft Visual Studio Solution File, Format Version 12.00
# Visual Studio Version 16
VisualStudioVersion = 16.0.31613.86
MinimumVisualStudioVersion = 10.0.40219.1
Project("{9A19103F-16F7-4668-BE54-9A1E7A4F7556}") = "CalculatorApplication", "CalculatorApplication\CalculatorApplication.csproj", "{5AC53667-D97F-4CAE-A409-45C1A4DB88D7}"
EndProject
Global
	GlobalSection(SolutionConfigurationPlatforms) = preSolution
		Debug|Any CPU = Debug|Any CPU
		Release|Any CPU = Release|Any CPU
	EndGlobalSection
	GlobalSection(ProjectConfigurationPlatforms) = postSolution
		{5AC53667-D97F-4CAE-A409-45C1A4DB88D7}.Debug|Any CPU.ActiveCfg = Debug|Any CPU
		{5AC53667-D97F-4CAE-A409-45C1A4DB88D7}.Debug|Any CPU.Build.0 = Debug|Any CPU
		{5AC53667-D97F-4CAE-A409-45C1A4DB88D7}.Release|Any CPU.ActiveCfg = Release|Any CPU
		{5AC53667-D97F-4CAE-A409-45C1A4DB88D7}.Release|Any CPU.Build.0 = Release|Any CPU
	EndGlobalSection
	GlobalSection(SolutionProperties) = preSolution
		HideSolutionNode = FALSE
	EndGlobalSection
	GlobalSection(ExtensibilityGlobals) = postSolution
		SolutionGuid = {16F5BFA0-1DC4-4D26-A621-3A7C07B991A9}
	EndGlobalSection
EndGlobal
